// !$*UTF8*$!
{
	archiveVersion = 1;
	classes = {
	};
	objectVersion = 46;
	objects = {

/* Begin PBXBuildFile section */
		E894E2511D95A85000DB98C5 /* AppDelegate.swift in Sources */ = {isa = PBXBuildFile; fileRef = E894E2501D95A85000DB98C5 /* AppDelegate.swift */; };
		E894E2531D95A85000DB98C5 /* ViewController.swift in Sources */ = {isa = PBXBuildFile; fileRef = E894E2521D95A85000DB98C5 /* ViewController.swift */; };
		E894E2561D95A85000DB98C5 /* Main.storyboard in Resources */ = {isa = PBXBuildFile; fileRef = E894E2541D95A85000DB98C5 /* Main.storyboard */; };
		E894E2581D95A85000DB98C5 /* Assets.xcassets in Resources */ = {isa = PBXBuildFile; fileRef = E894E2571D95A85000DB98C5 /* Assets.xcassets */; };
		E894E25B1D95A85000DB98C5 /* LaunchScreen.storyboard in Resources */ = {isa = PBXBuildFile; fileRef = E894E2591D95A85000DB98C5 /* LaunchScreen.storyboard */; };
		E894E2661D95A85000DB98C5 /* adjustableViewHeightsProgramaticTests.swift in Sources */ = {isa = PBXBuildFile; fileRef = E894E2651D95A85000DB98C5 /* adjustableViewHeightsProgramaticTests.swift */; };
		E894E2711D95A85000DB98C5 /* adjustableViewHeightsProgramaticUITests.swift in Sources */ = {isa = PBXBuildFile; fileRef = E894E2701D95A85000DB98C5 /* adjustableViewHeightsProgramaticUITests.swift */; };
/* End PBXBuildFile section */

/* Begin PBXContainerItemProxy section */
		E894E2621D95A85000DB98C5 /* PBXContainerItemProxy */ = {
			isa = PBXContainerItemProxy;
			containerPortal = E894E2451D95A85000DB98C5 /* Project object */;
			proxyType = 1;
			remoteGlobalIDString = E894E24C1D95A85000DB98C5;
			remoteInfo = adjustableViewHeightsProgramatic;
		};
		E894E26D1D95A85000DB98C5 /* PBXContainerItemProxy */ = {
			isa = PBXContainerItemProxy;
			containerPortal = E894E2451D95A85000DB98C5 /* Project object */;
			proxyType = 1;
			remoteGlobalIDString = E894E24C1D95A85000DB98C5;
			remoteInfo = adjustableViewHeightsProgramatic;
		};
/* End PBXContainerItemProxy section */

/* Begin PBXFileReference section */
		E894E24D1D95A85000DB98C5 /* adjustableViewHeightsProgramatic.app */ = {isa = PBXFileReference; explicitFileType = wrapper.application; includeInIndex = 0; path = adjustableViewHeightsProgramatic.app; sourceTree = BUILT_PRODUCTS_DIR; };
		E894E2501D95A85000DB98C5 /* AppDelegate.swift */ = {isa = PBXFileReference; lastKnownFileType = sourcecode.swift; path = AppDelegate.swift; sourceTree = "<group>"; };
		E894E2521D95A85000DB98C5 /* ViewController.swift */ = {isa = PBXFileReference; lastKnownFileType = sourcecode.swift; path = ViewController.swift; sourceTree = "<group>"; };
		E894E2551D95A85000DB98C5 /* Base */ = {isa = PBXFileReference; lastKnownFileType = file.storyboard; name = Base; path = Base.lproj/Main.storyboard; sourceTree = "<group>"; };
		E894E2571D95A85000DB98C5 /* Assets.xcassets */ = {isa = PBXFileReference; lastKnownFileType = folder.assetcatalog; path = Assets.xcassets; sourceTree = "<group>"; };
		E894E25A1D95A85000DB98C5 /* Base */ = {isa = PBXFileReference; lastKnownFileType = file.storyboard; name = Base; path = Base.lproj/LaunchScreen.storyboard; sourceTree = "<group>"; };
		E894E25C1D95A85000DB98C5 /* Info.plist */ = {isa = PBXFileReference; lastKnownFileType = text.plist.xml; path = Info.plist; sourceTree = "<group>"; };
		E894E2611D95A85000DB98C5 /* adjustableViewHeightsProgramaticTests.xctest */ = {isa = PBXFileReference; explicitFileType = wrapper.cfbundle; includeInIndex = 0; path = adjustableViewHeightsProgramaticTests.xctest; sourceTree = BUILT_PRODUCTS_DIR; };
		E894E2651D95A85000DB98C5 /* adjustableViewHeightsProgramaticTests.swift */ = {isa = PBXFileReference; lastKnownFileType = sourcecode.swift; path = adjustableViewHeightsProgramaticTests.swift; sourceTree = "<group>"; };
		E894E2671D95A85000DB98C5 /* Info.plist */ = {isa = PBXFileReference; lastKnownFileType = text.plist.xml; path = Info.plist; sourceTree = "<group>"; };
		E894E26C1D95A85000DB98C5 /* adjustableViewHeightsProgramaticUITests.xctest */ = {isa = PBXFileReference; explicitFileType = wrapper.cfbundle; includeInIndex = 0; path = adjustableViewHeightsProgramaticUITests.xctest; sourceTree = BUILT_PRODUCTS_DIR; };
		E894E2701D95A85000DB98C5 /* adjustableViewHeightsProgramaticUITests.swift */ = {isa = PBXFileReference; lastKnownFileType = sourcecode.swift; path = adjustableViewHeightsProgramaticUITests.swift; sourceTree = "<group>"; };
		E894E2721D95A85000DB98C5 /* Info.plist */ = {isa = PBXFileReference; lastKnownFileType = text.plist.xml; path = Info.plist; sourceTree = "<group>"; };
/* End PBXFileReference section */

/* Begin PBXFrameworksBuildPhase section */
		E894E24A1D95A85000DB98C5 /* Frameworks */ = {
			isa = PBXFrameworksBuildPhase;
			buildActionMask = 2147483647;
			files = (
			);
			runOnlyForDeploymentPostprocessing = 0;
		};
		E894E25E1D95A85000DB98C5 /* Frameworks */ = {
			isa = PBXFrameworksBuildPhase;
			buildActionMask = 2147483647;
			files = (
			);
			runOnlyForDeploymentPostprocessing = 0;
		};
		E894E2691D95A85000DB98C5 /* Frameworks */ = {
			isa = PBXFrameworksBuildPhase;
			buildActionMask = 2147483647;
			files = (
			);
			runOnlyForDeploymentPostprocessing = 0;
		};
/* End PBXFrameworksBuildPhase section */

/* Begin PBXGroup section */
		E894E2441D95A85000DB98C5 = {
			isa = PBXGroup;
			children = (
				E894E24F1D95A85000DB98C5 /* adjustableViewHeightsProgramatic */,
				E894E2641D95A85000DB98C5 /* adjustableViewHeightsProgramaticTests */,
				E894E26F1D95A85000DB98C5 /* adjustableViewHeightsProgramaticUITests */,
				E894E24E1D95A85000DB98C5 /* Products */,
			);
			sourceTree = "<group>";
		};
		E894E24E1D95A85000DB98C5 /* Products */ = {
			isa = PBXGroup;
			children = (
				E894E24D1D95A85000DB98C5 /* adjustableViewHeightsProgramatic.app */,
				E894E2611D95A85000DB98C5 /* adjustableViewHeightsProgramaticTests.xctest */,
				E894E26C1D95A85000DB98C5 /* adjustableViewHeightsProgramaticUITests.xctest */,
			);
			name = Products;
			sourceTree = "<group>";
		};
		E894E24F1D95A85000DB98C5 /* adjustableViewHeightsProgramatic */ = {
			isa = PBXGroup;
			children = (
				E894E2501D95A85000DB98C5 /* AppDelegate.swift */,
				E894E2521D95A85000DB98C5 /* ViewController.swift */,
				E894E2541D95A85000DB98C5 /* Main.storyboard */,
				E894E2571D95A85000DB98C5 /* Assets.xcassets */,
				E894E2591D95A85000DB98C5 /* LaunchScreen.storyboard */,
				E894E25C1D95A85000DB98C5 /* Info.plist */,
			);
			path = adjustableViewHeightsProgramatic;
			sourceTree = "<group>";
		};
		E894E2641D95A85000DB98C5 /* adjustableViewHeightsProgramaticTests */ = {
			isa = PBXGroup;
			children = (
				E894E2651D95A85000DB98C5 /* adjustableViewHeightsProgramaticTests.swift */,
				E894E2671D95A85000DB98C5 /* Info.plist */,
			);
			path = adjustableViewHeightsProgramaticTests;
			sourceTree = "<group>";
		};
		E894E26F1D95A85000DB98C5 /* adjustableViewHeightsProgramaticUITests */ = {
			isa = PBXGroup;
			children = (
				E894E2701D95A85000DB98C5 /* adjustableViewHeightsProgramaticUITests.swift */,
				E894E2721D95A85000DB98C5 /* Info.plist */,
			);
			path = adjustableViewHeightsProgramaticUITests;
			sourceTree = "<group>";
		};
/* End PBXGroup section */

/* Begin PBXNativeTarget section */
		E894E24C1D95A85000DB98C5 /* adjustableViewHeightsProgramatic */ = {
			isa = PBXNativeTarget;
			buildConfigurationList = E894E2751D95A85000DB98C5 /* Build configuration list for PBXNativeTarget "adjustableViewHeightsProgramatic" */;
			buildPhases = (
				E894E2491D95A85000DB98C5 /* Sources */,
				E894E24A1D95A85000DB98C5 /* Frameworks */,
				E894E24B1D95A85000DB98C5 /* Resources */,
			);
			buildRules = (
			);
			dependencies = (
			);
			name = adjustableViewHeightsProgramatic;
			productName = adjustableViewHeightsProgramatic;
			productReference = E894E24D1D95A85000DB98C5 /* adjustableViewHeightsProgramatic.app */;
			productType = "com.apple.product-type.application";
		};
		E894E2601D95A85000DB98C5 /* adjustableViewHeightsProgramaticTests */ = {
			isa = PBXNativeTarget;
			buildConfigurationList = E894E2781D95A85000DB98C5 /* Build configuration list for PBXNativeTarget "adjustableViewHeightsProgramaticTests" */;
			buildPhases = (
				E894E25D1D95A85000DB98C5 /* Sources */,
				E894E25E1D95A85000DB98C5 /* Frameworks */,
				E894E25F1D95A85000DB98C5 /* Resources */,
			);
			buildRules = (
			);
			dependencies = (
				E894E2631D95A85000DB98C5 /* PBXTargetDependency */,
			);
			name = adjustableViewHeightsProgramaticTests;
			productName = adjustableViewHeightsProgramaticTests;
			productReference = E894E2611D95A85000DB98C5 /* adjustableViewHeightsProgramaticTests.xctest */;
			productType = "com.apple.product-type.bundle.unit-test";
		};
		E894E26B1D95A85000DB98C5 /* adjustableViewHeightsProgramaticUITests */ = {
			isa = PBXNativeTarget;
			buildConfigurationList = E894E27B1D95A85000DB98C5 /* Build configuration list for PBXNativeTarget "adjustableViewHeightsProgramaticUITests" */;
			buildPhases = (
				E894E2681D95A85000DB98C5 /* Sources */,
				E894E2691D95A85000DB98C5 /* Frameworks */,
				E894E26A1D95A85000DB98C5 /* Resources */,
			);
			buildRules = (
			);
			dependencies = (
				E894E26E1D95A85000DB98C5 /* PBXTargetDependency */,
			);
			name = adjustableViewHeightsProgramaticUITests;
			productName = adjustableViewHeightsProgramaticUITests;
			productReference = E894E26C1D95A85000DB98C5 /* adjustableViewHeightsProgramaticUITests.xctest */;
			productType = "com.apple.product-type.bundle.ui-testing";
		};
/* End PBXNativeTarget section */

/* Begin PBXProject section */
		E894E2451D95A85000DB98C5 /* Project object */ = {
			isa = PBXProject;
			attributes = {
				LastSwiftUpdateCheck = 0730;
				LastUpgradeCheck = 0730;
				ORGANIZATIONNAME = "Adhyam Nagarajan, Padmaja";
				TargetAttributes = {
					E894E24C1D95A85000DB98C5 = {
						CreatedOnToolsVersion = 7.3.1;
					};
					E894E2601D95A85000DB98C5 = {
						CreatedOnToolsVersion = 7.3.1;
						TestTargetID = E894E24C1D95A85000DB98C5;
					};
					E894E26B1D95A85000DB98C5 = {
						CreatedOnToolsVersion = 7.3.1;
						TestTargetID = E894E24C1D95A85000DB98C5;
					};
				};
			};
			buildConfigurationList = E894E2481D95A85000DB98C5 /* Build configuration list for PBXProject "adjustableViewHeightsProgramatic" */;
			compatibilityVersion = "Xcode 3.2";
			developmentRegion = English;
			hasScannedForEncodings = 0;
			knownRegions = (
				en,
				Base,
			);
			mainGroup = E894E2441D95A85000DB98C5;
			productRefGroup = E894E24E1D95A85000DB98C5 /* Products */;
			projectDirPath = "";
			projectRoot = "";
			targets = (
				E894E24C1D95A85000DB98C5 /* adjustableViewHeightsProgramatic */,
				E894E2601D95A85000DB98C5 /* adjustableViewHeightsProgramaticTests */,
				E894E26B1D95A85000DB98C5 /* adjustableViewHeightsProgramaticUITests */,
			);
		};
/* End PBXProject section */

/* Begin PBXResourcesBuildPhase section */
		E894E24B1D95A85000DB98C5 /* Resources */ = {
			isa = PBXResourcesBuildPhase;
			buildActionMask = 2147483647;
			files = (
				E894E25B1D95A85000DB98C5 /* LaunchScreen.storyboard in Resources */,
				E894E2581D95A85000DB98C5 /* Assets.xcassets in Resources */,
				E894E2561D95A85000DB98C5 /* Main.storyboard in Resources */,
			);
			runOnlyForDeploymentPostprocessing = 0;
		};
		E894E25F1D95A85000DB98C5 /* Resources */ = {
			isa = PBXResourcesBuildPhase;
			buildActionMask = 2147483647;
			files = (
			);
			runOnlyForDeploymentPostprocessing = 0;
		};
		E894E26A1D95A85000DB98C5 /* Resources */ = {
			isa = PBXResourcesBuildPhase;
			buildActionMask = 2147483647;
			files = (
			);
			runOnlyForDeploymentPostprocessing = 0;
		};
/* End PBXResourcesBuildPhase section */

/* Begin PBXSourcesBuildPhase section */
		E894E2491D95A85000DB98C5 /* Sources */ = {
			isa = PBXSourcesBuildPhase;
			buildActionMask = 2147483647;
			files = (
				E894E2531D95A85000DB98C5 /* ViewController.swift in Sources */,
				E894E2511D95A85000DB98C5 /* AppDelegate.swift in Sources */,
			);
			runOnlyForDeploymentPostprocessing = 0;
		};
		E894E25D1D95A85000DB98C5 /* Sources */ = {
			isa = PBXSourcesBuildPhase;
			buildActionMask = 2147483647;
			files = (
				E894E2661D95A85000DB98C5 /* adjustableViewHeightsProgramaticTests.swift in Sources */,
			);
			runOnlyForDeploymentPostprocessing = 0;
		};
		E894E2681D95A85000DB98C5 /* Sources */ = {
			isa = PBXSourcesBuildPhase;
			buildActionMask = 2147483647;
			files = (
				E894E2711D95A85000DB98C5 /* adjustableViewHeightsProgramaticUITests.swift in Sources */,
			);
			runOnlyForDeploymentPostprocessing = 0;
		};
/* End PBXSourcesBuildPhase section */

/* Begin PBXTargetDependency section */
		E894E2631D95A85000DB98C5 /* PBXTargetDependency */ = {
			isa = PBXTargetDependency;
			target = E894E24C1D95A85000DB98C5 /* adjustableViewHeightsProgramatic */;
			targetProxy = E894E2621D95A85000DB98C5 /* PBXContainerItemProxy */;
		};
		E894E26E1D95A85000DB98C5 /* PBXTargetDependency */ = {
			isa = PBXTargetDependency;
			target = E894E24C1D95A85000DB98C5 /* adjustableViewHeightsProgramatic */;
			targetProxy = E894E26D1D95A85000DB98C5 /* PBXContainerItemProxy */;
		};
/* End PBXTargetDependency section */

/* Begin PBXVariantGroup section */
		E894E2541D95A85000DB98C5 /* Main.storyboard */ = {
			isa = PBXVariantGroup;
			children = (
				E894E2551D95A85000DB98C5 /* Base */,
			);
			name = Main.storyboard;
			sourceTree = "<group>";
		};
		E894E2591D95A85000DB98C5 /* LaunchScreen.storyboard */ = {
			isa = PBXVariantGroup;
			children = (
				E894E25A1D95A85000DB98C5 /* Base */,
			);
			name = LaunchScreen.storyboard;
			sourceTree = "<group>";
		};
/* End PBXVariantGroup section */

/* Begin XCBuildConfiguration section */
		E894E2731D95A85000DB98C5 /* Debug */ = {
			isa = XCBuildConfiguration;
			buildSettings = {
				ALWAYS_SEARCH_USER_PATHS = NO;
				CLANG_ANALYZER_NONNULL = YES;
				CLANG_CXX_LANGUAGE_STANDARD = "gnu++0x";
				CLANG_CXX_LIBRARY = "libc++";
				CLANG_ENABLE_MODULES = YES;
				CLANG_ENABLE_OBJC_ARC = YES;
				CLANG_WARN_BOOL_CONVERSION = YES;
				CLANG_WARN_CONSTANT_CONVERSION = YES;
				CLANG_WARN_DIRECT_OBJC_ISA_USAGE = YES_ERROR;
				CLANG_WARN_EMPTY_BODY = YES;
				CLANG_WARN_ENUM_CONVERSION = YES;
				CLANG_WARN_INT_CONVERSION = YES;
				CLANG_WARN_OBJC_ROOT_CLASS = YES_ERROR;
				CLANG_WARN_UNREACHABLE_CODE = YES;
				CLANG_WARN__DUPLICATE_METHOD_MATCH = YES;
				"CODE_SIGN_IDENTITY[sdk=iphoneos*]" = "iPhone Developer";
				COPY_PHASE_STRIP = NO;
				DEBUG_INFORMATION_FORMAT = dwarf;
				ENABLE_STRICT_OBJC_MSGSEND = YES;
				ENABLE_TESTABILITY = YES;
				GCC_C_LANGUAGE_STANDARD = gnu99;
				GCC_DYNAMIC_NO_PIC = NO;
				GCC_NO_COMMON_BLOCKS = YES;
				GCC_OPTIMIZATION_LEVEL = 0;
				GCC_PREPROCESSOR_DEFINITIONS = (
					"DEBUG=1",
					"$(inherited)",
				);
				GCC_WARN_64_TO_32_BIT_CONVERSION = YES;
				GCC_WARN_ABOUT_RETURN_TYPE = YES_ERROR;
				GCC_WARN_UNDECLARED_SELECTOR = YES;
				GCC_WARN_UNINITIALIZED_AUTOS = YES_AGGRESSIVE;
				GCC_WARN_UNUSED_FUNCTION = YES;
				GCC_WARN_UNUSED_VARIABLE = YES;
				IPHONEOS_DEPLOYMENT_TARGET = 9.3;
				MTL_ENABLE_DEBUG_INFO = YES;
				ONLY_ACTIVE_ARCH = YES;
				SDKROOT = iphoneos;
				SWIFT_OPTIMIZATION_LEVEL = "-Onone";
				TARGETED_DEVICE_FAMILY = "1,2";
			};
			name = Debug;
		};
		E894E2741D95A85000DB98C5 /* Release */ = {
			isa = XCBuildConfiguration;
			buildSettings = {
				ALWAYS_SEARCH_USER_PATHS = NO;
				CLANG_ANALYZER_NONNULL = YES;
				CLANG_CXX_LANGUAGE_STANDARD = "gnu++0x";
				CLANG_CXX_LIBRARY = "libc++";
				CLANG_ENABLE_MODULES = YES;
				CLANG_ENABLE_OBJC_ARC = YES;
				CLANG_WARN_BOOL_CONVERSION = YES;
				CLANG_WARN_CONSTANT_CONVERSION = YES;
				CLANG_WARN_DIRECT_OBJC_ISA_USAGE = YES_ERROR;
				CLANG_WARN_EMPTY_BODY = YES;
				CLANG_WARN_ENUM_CONVERSION = YES;
				CLANG_WARN_INT_CONVERSION = YES;
				CLANG_WARN_OBJC_ROOT_CLASS = YES_ERROR;
				CLANG_WARN_UNREACHABLE_CODE = YES;
				CLANG_WARN__DUPLICATE_METHOD_MATCH = YES;
				"CODE_SIGN_IDENTITY[sdk=iphoneos*]" = "iPhone Developer";
				COPY_PHASE_STRIP = NO;
				DEBUG_INFORMATION_FORMAT = "dwarf-with-dsym";
				ENABLE_NS_ASSERTIONS = NO;
				ENABLE_STRICT_OBJC_MSGSEND = YES;
				GCC_C_LANGUAGE_STANDARD = gnu99;
				GCC_NO_COMMON_BLOCKS = YES;
				GCC_WARN_64_TO_32_BIT_CONVERSION = YES;
				GCC_WARN_ABOUT_RETURN_TYPE = YES_ERROR;
				GCC_WARN_UNDECLARED_SELECTOR = YES;
				GCC_WARN_UNINITIALIZED_AUTOS = YES_AGGRESSIVE;
				GCC_WARN_UNUSED_FUNCTION = YES;
				GCC_WARN_UNUSED_VARIABLE = YES;
				IPHONEOS_DEPLOYMENT_TARGET = 9.3;
				MTL_ENABLE_DEBUG_INFO = NO;
				SDKROOT = iphoneos;
				TARGETED_DEVICE_FAMILY = "1,2";
				VALIDATE_PRODUCT = YES;
			};
			name = Release;
		};
		E894E2761D95A85000DB98C5 /* Debug */ = {
			isa = XCBuildConfiguration;
			buildSettings = {
				ASSETCATALOG_COMPILER_APPICON_NAME = AppIcon;
				INFOPLIST_FILE = adjustableViewHeightsProgramatic/Info.plist;
				LD_RUNPATH_SEARCH_PATHS = "$(inherited) @executable_path/Frameworks";
				PRODUCT_BUNDLE_IDENTIFIER = com.paypal.adjustableViewHeightsProgramatic;
				PRODUCT_NAME = "$(TARGET_NAME)";
			};
			name = Debug;
		};
		E894E2771D95A85000DB98C5 /* Release */ = {
			isa = XCBuildConfiguration;
			buildSettings = {
				ASSETCATALOG_COMPILER_APPICON_NAME = AppIcon;
				INFOPLIST_FILE = adjustableViewHeightsProgramatic/Info.plist;
				LD_RUNPATH_SEARCH_PATHS = "$(inherited) @executable_path/Frameworks";
				PRODUCT_BUNDLE_IDENTIFIER = com.paypal.adjustableViewHeightsProgramatic;
				PRODUCT_NAME = "$(TARGET_NAME)";
			};
			name = Release;
		};
		E894E2791D95A85000DB98C5 /* Debug */ = {
			isa = XCBuildConfiguration;
			buildSettings = {
				BUNDLE_LOADER = "$(TEST_HOST)";
				INFOPLIST_FILE = adjustableViewHeightsProgramaticTests/Info.plist;
				LD_RUNPATH_SEARCH_PATHS = "$(inherited) @executable_path/Frameworks @loader_path/Frameworks";
				PRODUCT_BUNDLE_IDENTIFIER = com.paypal.adjustableViewHeightsProgramaticTests;
				PRODUCT_NAME = "$(TARGET_NAME)";
				TEST_HOST = "$(BUILT_PRODUCTS_DIR)/adjustableViewHeightsProgramatic.app/adjustableViewHeightsProgramatic";
			};
			name = Debug;
		};
		E894E27A1D95A85000DB98C5 /* Release */ = {
			isa = XCBuildConfiguration;
			buildSettings = {
				BUNDLE_LOADER = "$(TEST_HOST)";
				INFOPLIST_FILE = adjustableViewHeightsProgramaticTests/Info.plist;
				LD_RUNPATH_SEARCH_PATHS = "$(inherited) @executable_path/Frameworks @loader_path/Frameworks";
				PRODUCT_BUNDLE_IDENTIFIER = com.paypal.adjustableViewHeightsProgramaticTests;
				PRODUCT_NAME = "$(TARGET_NAME)";
				TEST_HOST = "$(BUILT_PRODUCTS_DIR)/adjustableViewHeightsProgramatic.app/adjustableViewHeightsProgramatic";
			};
			name = Release;
		};
		E894E27C1D95A85000DB98C5 /* Debug */ = {
			isa = XCBuildConfiguration;
			buildSettings = {
				INFOPLIST_FILE = adjustableViewHeightsProgramaticUITests/Info.plist;
				LD_RUNPATH_SEARCH_PATHS = "$(inherited) @executable_path/Frameworks @loader_path/Frameworks";
				PRODUCT_BUNDLE_IDENTIFIER = com.paypal.adjustableViewHeightsProgramaticUITests;
				PRODUCT_NAME = "$(TARGET_NAME)";
				TEST_TARGET_NAME = adjustableViewHeightsProgramatic;
			};
			name = Debug;
		};
		E894E27D1D95A85000DB98C5 /* Release */ = {
			isa = XCBuildConfiguration;
			buildSettings = {
				INFOPLIST_FILE = adjustableViewHeightsProgramaticUITests/Info.plist;
				LD_RUNPATH_SEARCH_PATHS = "$(inherited) @executable_path/Frameworks @loader_path/Frameworks";
				PRODUCT_BUNDLE_IDENTIFIER = com.paypal.adjustableViewHeightsProgramaticUITests;
				PRODUCT_NAME = "$(TARGET_NAME)";
				TEST_TARGET_NAME = adjustableViewHeightsProgramatic;
			};
			name = Release;
		};
/* End XCBuildConfiguration section */

/* Begin XCConfigurationList section */
		E894E2481D95A85000DB98C5 /* Build configuration list for PBXProject "adjustableViewHeightsProgramatic" */ = {
			isa = XCConfigurationList;
			buildConfigurations = (
				E894E2731D95A85000DB98C5 /* Debug */,
				E894E2741D95A85000DB98C5 /* Release */,
			);
			defaultConfigurationIsVisible = 0;
			defaultConfigurationName = Release;
		};
		E894E2751D95A85000DB98C5 /* Build configuration list for PBXNativeTarget "adjustableViewHeightsProgramatic" */ = {
			isa = XCConfigurationList;
			buildConfigurations = (
				E894E2761D95A85000DB98C5 /* Debug */,
				E894E2771D95A85000DB98C5 /* Release */,
			);
			defaultConfigurationIsVisible = 0;
		};
		E894E2781D95A85000DB98C5 /* Build configuration list for PBXNativeTarget "adjustableViewHeightsProgramaticTests" */ = {
			isa = XCConfigurationList;
			buildConfigurations = (
				E894E2791D95A85000DB98C5 /* Debug */,
				E894E27A1D95A85000DB98C5 /* Release */,
			);
			defaultConfigurationIsVisible = 0;
		};
		E894E27B1D95A85000DB98C5 /* Build configuration list for PBXNativeTarget "adjustableViewHeightsProgramaticUITests" */ = {
			isa = XCConfigurationList;
			buildConfigurations = (
				E894E27C1D95A85000DB98C5 /* Debug */,
				E894E27D1D95A85000DB98C5 /* Release */,
			);
			defaultConfigurationIsVisible = 0;
		};
/* End XCConfigurationList section */
	};
	rootObject = E894E2451D95A85000DB98C5 /* Project object */;
}
